{
    "_meta": {
        "hash": {
            "sha256": "872d79eb28a3e3b42c2f4d6fedb931d329d0be04894fab532d879c66b6c55f8b"
        },
        "pipfile-spec": 6,
        "requires": {
            "python_version": "3.10"
        },
        "sources": [
            {
                "name": "pypi",
                "url": "https://pypi.org/simple",
                "verify_ssl": true
            }
        ]
    },
    "default": {
        "async-timeout": {
            "hashes": [
                "sha256:4640d96be84d82d02ed59ea2b7105a0f7b33abe8703703cd0ab0bf87c427522f",
                "sha256:7405140ff1230c310e51dc27b3145b9092d659ce68ff733fb0cefe3ee42be028"
            ],
            "markers": "python_version < '3.11'",
            "version": "==4.0.3"
        },
        "bleak": {
            "hashes": [
                "sha256:09010c0f4bd843e7dcaa1652e1bfb2450ce690da08d4c6163f0723aaa986e9fe",
                "sha256:8395c9e096f28e0ba1f3e6a8619fa21c327c484f720b7af3ea578d04f498a458"
            ],
            "index": "pypi",
            "markers": "python_version < '3.13' and python_version >= '3.8'",
            "version": "==0.22.2"
        },
        "pyobjc-core": {
            "hashes": [
                "sha256:2581e8e68885bcb0e11ec619e81ef28e08ee3fac4de20d8cc83bc5af5bcf4a90",
                "sha256:4c179c26ee2123d0aabffb9dbc60324b62b6f8614fb2c2328b09386ef59ef6d8",
                "sha256:6ff5823d13d0a534cdc17fa4ad47cf5bee4846ce0fd27fc40012e12b46db571b",
                "sha256:899d3c84d2933d292c808f385dc881a140cf08632907845043a333a9d7c899f9",
                "sha256:b204a80ccc070f9ab3f8af423a3a25a6fd787e228508d00c4c30f8ac538ba720",
                "sha256:cb901fce65c9be420c40d8a6ee6fff5ff27c6945f44fd7191989b982baa66dea",
                "sha256:ea46d2cda17921e417085ac6286d43ae448113158afcf39e0abe484c58fb3d78",
                "sha256:ea98d4c2ec39ca29e62e0327db21418696161fb138ee6278daf2acbedf7ce504"
            ],
            "markers": "platform_system == 'Darwin'",
            "version": "==10.3.1"
        },
        "pyobjc-framework-cocoa": {
            "hashes": [
                "sha256:11b4e0bad4bbb44a4edda128612f03cdeab38644bbf174de0c13129715497296",
                "sha256:1cf20714daaa986b488fb62d69713049f635c9d41a60c8da97d835710445281a",
                "sha256:4cb4f8491ab4d9b59f5187e42383f819f7a46306a4fa25b84f126776305291d1",
                "sha256:5f31021f4f8fdf873b57a97ee1f3c1620dbe285e0b4eaed73dd0005eb72fd773",
                "sha256:6c5af24610ab639bd1f521ce4500484b40787f898f691b7a23da3339e6bc8b90",
                "sha256:743d2a1ac08027fd09eab65814c79002a1d0421d7c0074ffd1217b6560889744",
                "sha256:a7151186bb7805deea434fae9a4423335e6371d105f29e73cc2036c6779a9dbc",
                "sha256:de5e62e5ccf2871a94acf3bf79646b20ea893cc9db78afa8d1fe1b0d0f7cbdb0"
            ],
            "markers": "python_version >= '3.8'",
            "version": "==10.3.1"
        },
        "pyobjc-framework-corebluetooth": {
            "hashes": [
                "sha256:2f261a386aa6906f9d4601d35ff71a13315dbca1a0698bf1f1ecfe3971de4648",
                "sha256:5211df0da2e8be511d9a54a48505dd7af0c4d04546fe2027dd723801d633c6ba",
                "sha256:b8becd4e406be289a2d423611d3ad40730532a1f6728effb2200e68c9c04c3e8",
                "sha256:c89ee6fba0ed359c46b4908a7d01f88f133be025bd534cbbf4fb9c183e62fc97",
                "sha256:dc5d326ab5541b8b68e7e920aa8363851e779cb8c33842f6cfeef4674cc62f94"
            ],
            "markers": "platform_system == 'Darwin'",
            "version": "==10.3.1"
        },
        "pyobjc-framework-libdispatch": {
            "hashes": [
                "sha256:0a7a19afef70c98b3b527fb2c9adb025444bcb50f65c8d7b949f1efb51bde577",
                "sha256:109044cddecb3332cbb75f14819cd01b98aacfefe91204c776b491eccc58a112",
                "sha256:3e0db3138aae333f0b87b42586bc016430a76638af169aab9cef6afee4e5f887",
                "sha256:5543aea8acd53fb02bcf962b003a2a9c2bdacf28dc290c31a3d2de7543ef8392",
                "sha256:8e8fb27ac86d48605eb2107ac408ed8de281751df81f5430fe66c8228d7626b8",
                "sha256:a74e62314376dc2d34bc5d4a86cedaf5795786178ebccd0553c58e8fa73400a3",
                "sha256:b209dbc9338cd87e053ede4d782b8c445bcc0b9a3d0365a6ffa1f9cd5143c301",
                "sha256:f5c3475498cb32f54d75e21952670e4a32c8517fb2db2e90869f634edc942446"
            ],
            "markers": "platform_system == 'Darwin'",
            "version": "==10.3.1"
        },
        "typing-extensions": {
            "hashes": [
                "sha256:04e5ca0351e0f3f85c6853954072df659d0d13fac324d0072316b67d7794700d",
                "sha256:1a7ead55c7e559dd4dee8856e3a88b41225abfe1ce8df57b7c13915fe121ffb8"
            ],
            "markers": "python_version < '3.12'",
            "version": "==4.12.2"
        }
    },
    "develop": {}
}
